
Microsoft Visual Studio Solution File, Format Version 12.00
# Visual Studio 15
VisualStudioVersion = 15.0.27004.2002
MinimumVisualStudioVersion = 10.0.40219.1
Project("{FAE04EC0-301F-11D3-BF4B-00C04F79EFBC}") = "learning-session-tests", "learning-session-tests\learning-session-tests.csproj", "{CE1DFED8-6D51-45CF-9537-51732423011C}"
EndProject
Project("{FAE04EC0-301F-11D3-BF4B-00C04F79EFBC}") = "pure_selenium", "pure_selenium\pure_selenium.csproj", "{EC513FE8-BC59-4F81-A0D4-2AE46106CE8C}"
EndProject
Project("{FAE04EC0-301F-11D3-BF4B-00C04F79EFBC}") = "page_factory", "page_factory\page_factory.csproj", "{FD06FC83-694C-4B57-A665-4B230453F7A4}"
EndProject
Global
	GlobalSection(SolutionConfigurationPlatforms) = preSolution
		Debug|Any CPU = Debug|Any CPU
		Release|Any CPU = Release|Any CPU
	EndGlobalSection
	GlobalSection(ProjectConfigurationPlatforms) = postSolution
		{CE1DFED8-6D51-45CF-9537-51732423011C}.Debug|Any CPU.ActiveCfg = Debug|Any CPU
		{CE1DFED8-6D51-45CF-9537-51732423011C}.Debug|Any CPU.Build.0 = Debug|Any CPU
		{CE1DFED8-6D51-45CF-9537-51732423011C}.Release|Any CPU.ActiveCfg = Release|Any CPU
		{CE1DFED8-6D51-45CF-9537-51732423011C}.Release|Any CPU.Build.0 = Release|Any CPU
		{EC513FE8-BC59-4F81-A0D4-2AE46106CE8C}.Debug|Any CPU.ActiveCfg = Debug|Any CPU
		{EC513FE8-BC59-4F81-A0D4-2AE46106CE8C}.Debug|Any CPU.Build.0 = Debug|Any CPU
		{EC513FE8-BC59-4F81-A0D4-2AE46106CE8C}.Release|Any CPU.ActiveCfg = Release|Any CPU
		{EC513FE8-BC59-4F81-A0D4-2AE46106CE8C}.Release|Any CPU.Build.0 = Release|Any CPU
		{FD06FC83-694C-4B57-A665-4B230453F7A4}.Debug|Any CPU.ActiveCfg = Debug|Any CPU
		{FD06FC83-694C-4B57-A665-4B230453F7A4}.Debug|Any CPU.Build.0 = Debug|Any CPU
		{FD06FC83-694C-4B57-A665-4B230453F7A4}.Release|Any CPU.ActiveCfg = Release|Any CPU
		{FD06FC83-694C-4B57-A665-4B230453F7A4}.Release|Any CPU.Build.0 = Release|Any CPU
	EndGlobalSection
	GlobalSection(SolutionProperties) = preSolution
		HideSolutionNode = FALSE
	EndGlobalSection
	GlobalSection(ExtensibilityGlobals) = postSolution
		SolutionGuid = {4102585E-659C-4831-A3C1-622F8ED3A2A2}
	EndGlobalSection
EndGlobal
